dependencies:
- alias: ""
  condition: ""
  enabled: false
  import-values: null
  name: postgresql
  repository: https://kubernetes-charts.storage.googleapis.com/
  tags: null
  version: 0.7.1
digest: sha256:41337adf8a3bfbd4198bcf456df015c62bc1617991d08d9916a3a3d0d2fc834e
generated: 2017-07-12T17:44:34.649251065+02:00
